
Microsoft Visual Studio Solution File, Format Version 12.00
# Visual Studio Version 16
VisualStudioVersion = 16.0.28516.95
MinimumVisualStudioVersion = 10.0.40219.1
Project("{FAE04EC0-301F-11D3-BF4B-00C04F79EFBC}") = "Audio Visualizer", "Audio Visualizer\Audio Visualizer.csproj", "{1151C553-C9C1-469F-8E72-1926110D18A5}"
EndProject
Global
	GlobalSection(SolutionConfigurationPlatforms) = preSolution
		Debug|Any CPU = Debug|Any CPU
		Release|Any CPU = Release|Any CPU
	EndGlobalSection
	GlobalSection(ProjectConfigurationPlatforms) = postSolution
		{1151C553-C9C1-469F-8E72-1926110D18A5}.Debug|Any CPU.ActiveCfg = Debug|Any CPU
		{1151C553-C9C1-469F-8E72-1926110D18A5}.Debug|Any CPU.Build.0 = Debug|Any CPU
		{1151C553-C9C1-469F-8E72-1926110D18A5}.Release|Any CPU.ActiveCfg = Release|Any CPU
		{1151C553-C9C1-469F-8E72-1926110D18A5}.Release|Any CPU.Build.0 = Release|Any CPU
	EndGlobalSection
	GlobalSection(SolutionProperties) = preSolution
		HideSolutionNode = FALSE
	EndGlobalSection
	GlobalSection(ExtensibilityGlobals) = postSolution
		SolutionGuid = {DF0B32A5-0F88-4264-9C49-1B0BC3CAFC61}
	EndGlobalSection
EndGlobal
